{
  "requires": true,
  "lockfileVersion": 1,
  "dependencies": {
    "coolors-to-hex": {
      "version": "1.0.3",
      "resolved": "https://registry.npmjs.org/coolors-to-hex/-/coolors-to-hex-1.0.3.tgz",
      "integrity": "sha1-WUXuMugYCwKYNH7NbrALbSiALg4="
    },
    "lodash": {
      "version": "4.17.4",
      "resolved": "https://registry.npmjs.org/lodash/-/lodash-4.17.4.tgz",
      "integrity": "sha1-eCA6TRwyiuHYbcpkYONptX9AVa4="
    },
    "styled-theme": {
      "version": "0.3.3",
      "resolved": "https://registry.npmjs.org/styled-theme/-/styled-theme-0.3.3.tgz",
      "integrity": "sha1-v9hsJ1FD5YztQT3ztHBDacRCU7w=",
      "requires": {
        "coolors-to-hex": "1.0.3",
        "styled-tools": "0.1.4"
      }
    },
    "styled-tools": {
      "version": "0.1.4",
      "resolved": "https://registry.npmjs.org/styled-tools/-/styled-tools-0.1.4.tgz",
      "integrity": "sha1-wL2vpMJOtXxTYFTys8lzFKJYf08=",
      "requires": {
        "lodash": "4.17.4"
      }
    },
    "styled-utils": {
      "version": "1.1.4",
      "resolved": "https://registry.npmjs.org/styled-utils/-/styled-utils-1.1.4.tgz",
      "integrity": "sha512-iyeZnHf+TkCJDlBV4U+fyWLraYhxFAWETXzXjWZagKJ+gTvXw0IZAzr9RXt+UH51klt46HzsVppG3urwJTdyRw==",
      "requires": {
        "lodash": "4.17.4",
        "styled-theme": "0.3.3"
      }
    }
  }
}
